
Microsoft Visual Studio Solution File, Format Version 12.00
# Visual Studio Version 18
VisualStudioVersion = 18.4.11626.88
MinimumVisualStudioVersion = 10.0.40219.1
Project("{FAE04EC0-301F-11D3-BF4B-00C04F79EFBC}") = "CashFlow", "CashFlow\CashFlow.csproj", "{91EBB43C-64E8-4700-B1FC-EFBC44728CA8}"
EndProject
Project("{FAE04EC0-301F-11D3-BF4B-00C04F79EFBC}") = "CashFlowBot", "CashFlowBot\CashFlowBot.csproj", "{AE370B97-F195-4F9B-9836-D1F31E589D71}"
EndProject
Project("{2150E333-8FDC-42A3-9474-1A3956D46DE8}") = "Solution Items", "Solution Items", "{ED9CC9AB-485F-4A15-B00C-AD5E3FF6E44C}"
	ProjectSection(SolutionItems) = preProject
		.gitignore = .gitignore
		2.0.7-beta.version = 2.0.7-beta.version
		README.md = README.md
		build.bat = build.bat
	EndProjectSection
EndProject
Project("{FAE04EC0-301F-11D3-BF4B-00C04F79EFBC}") = "CashFlowBotEmulator", "CashFlowBotEmulator\CashFlowBotEmulator.csproj", "{89656A7A-7924-4E03-8C61-31E564F9E704}"
EndProject
Project("{FAE04EC0-301F-11D3-BF4B-00C04F79EFBC}") = "CashFlowBotSystemTests", "CashFlowBotSystemTests\CashFlowBotSystemTests.csproj", "{1C5C3F58-639E-477F-BF9A-4B902EA3C519}"
EndProject
Project("{FAE04EC0-301F-11D3-BF4B-00C04F79EFBC}") = "CashFlowUnitTests", "CashFlowUnitTests\CashFlowUnitTests.csproj", "{8B632CCA-5020-4A63-B45F-600F696DB5E6}"
EndProject
Project("{2150E333-8FDC-42A3-9474-1A3956D46DE8}") = "readme", "readme", "{11081CAC-8D72-4FB2-9BE7-0C05CA0A38F5}"
	ProjectSection(SolutionItems) = preProject
		readme\cashflow.jpg = readme\cashflow.jpg
	EndProjectSection
EndProject
Global
	GlobalSection(SolutionConfigurationPlatforms) = preSolution
		Debug|Any CPU = Debug|Any CPU
		Release|Any CPU = Release|Any CPU
	EndGlobalSection
	GlobalSection(ProjectConfigurationPlatforms) = postSolution
		{91EBB43C-64E8-4700-B1FC-EFBC44728CA8}.Debug|Any CPU.ActiveCfg = Debug|Any CPU
		{91EBB43C-64E8-4700-B1FC-EFBC44728CA8}.Debug|Any CPU.Build.0 = Debug|Any CPU
		{91EBB43C-64E8-4700-B1FC-EFBC44728CA8}.Release|Any CPU.ActiveCfg = Release|Any CPU
		{91EBB43C-64E8-4700-B1FC-EFBC44728CA8}.Release|Any CPU.Build.0 = Release|Any CPU
		{AE370B97-F195-4F9B-9836-D1F31E589D71}.Debug|Any CPU.ActiveCfg = Debug|Any CPU
		{AE370B97-F195-4F9B-9836-D1F31E589D71}.Debug|Any CPU.Build.0 = Debug|Any CPU
		{AE370B97-F195-4F9B-9836-D1F31E589D71}.Release|Any CPU.ActiveCfg = Release|Any CPU
		{AE370B97-F195-4F9B-9836-D1F31E589D71}.Release|Any CPU.Build.0 = Release|Any CPU
		{89656A7A-7924-4E03-8C61-31E564F9E704}.Debug|Any CPU.ActiveCfg = Debug|Any CPU
		{89656A7A-7924-4E03-8C61-31E564F9E704}.Debug|Any CPU.Build.0 = Debug|Any CPU
		{89656A7A-7924-4E03-8C61-31E564F9E704}.Release|Any CPU.ActiveCfg = Release|Any CPU
		{89656A7A-7924-4E03-8C61-31E564F9E704}.Release|Any CPU.Build.0 = Release|Any CPU
		{1C5C3F58-639E-477F-BF9A-4B902EA3C519}.Debug|Any CPU.ActiveCfg = Debug|Any CPU
		{1C5C3F58-639E-477F-BF9A-4B902EA3C519}.Debug|Any CPU.Build.0 = Debug|Any CPU
		{1C5C3F58-639E-477F-BF9A-4B902EA3C519}.Release|Any CPU.ActiveCfg = Release|Any CPU
		{1C5C3F58-639E-477F-BF9A-4B902EA3C519}.Release|Any CPU.Build.0 = Release|Any CPU
		{8B632CCA-5020-4A63-B45F-600F696DB5E6}.Debug|Any CPU.ActiveCfg = Debug|Any CPU
		{8B632CCA-5020-4A63-B45F-600F696DB5E6}.Debug|Any CPU.Build.0 = Debug|Any CPU
		{8B632CCA-5020-4A63-B45F-600F696DB5E6}.Release|Any CPU.ActiveCfg = Release|Any CPU
		{8B632CCA-5020-4A63-B45F-600F696DB5E6}.Release|Any CPU.Build.0 = Release|Any CPU
	EndGlobalSection
	GlobalSection(SolutionProperties) = preSolution
		HideSolutionNode = FALSE
	EndGlobalSection
	GlobalSection(NestedProjects) = preSolution
		{11081CAC-8D72-4FB2-9BE7-0C05CA0A38F5} = {ED9CC9AB-485F-4A15-B00C-AD5E3FF6E44C}
	EndGlobalSection
	GlobalSection(ExtensibilityGlobals) = postSolution
		SolutionGuid = {F0E301D4-D8ED-4A7B-BC3B-0D2AB5BE2A63}
	EndGlobalSection
EndGlobal
