
Microsoft Visual Studio Solution File, Format Version 12.00
# Visual Studio Version 16
VisualStudioVersion = 16.0.31605.320
MinimumVisualStudioVersion = 10.0.40219.1
Project("{FAE04EC0-301F-11D3-BF4B-00C04F79EFBC}") = "CashFlow.Android", "CashFlow.Android\CashFlow.Android.csproj", "{E745B783-ACE5-429F-A6BA-0FF711DDA1AF}"
EndProject
Project("{FAE04EC0-301F-11D3-BF4B-00C04F79EFBC}") = "CashFlow.iOS", "CashFlow.iOS\CashFlow.iOS.csproj", "{6CDB6090-7B2A-465D-96AB-127CE1D932E9}"
EndProject
Project("{FAE04EC0-301F-11D3-BF4B-00C04F79EFBC}") = "CashFlow", "CashFlow\CashFlow.csproj", "{3052B03E-37EE-488E-91F9-464F4AE9013E}"
EndProject
Global
	GlobalSection(SolutionConfigurationPlatforms) = preSolution
		Debug|Any CPU = Debug|Any CPU
		Debug|iPhone = Debug|iPhone
		Debug|iPhoneSimulator = Debug|iPhoneSimulator
		Release|Any CPU = Release|Any CPU
		Release|iPhone = Release|iPhone
		Release|iPhoneSimulator = Release|iPhoneSimulator
	EndGlobalSection
	GlobalSection(ProjectConfigurationPlatforms) = postSolution
		{E745B783-ACE5-429F-A6BA-0FF711DDA1AF}.Debug|Any CPU.ActiveCfg = Debug|Any CPU
		{E745B783-ACE5-429F-A6BA-0FF711DDA1AF}.Debug|Any CPU.Build.0 = Debug|Any CPU
		{E745B783-ACE5-429F-A6BA-0FF711DDA1AF}.Debug|Any CPU.Deploy.0 = Debug|Any CPU
		{E745B783-ACE5-429F-A6BA-0FF711DDA1AF}.Debug|iPhone.ActiveCfg = Debug|Any CPU
		{E745B783-ACE5-429F-A6BA-0FF711DDA1AF}.Debug|iPhone.Build.0 = Debug|Any CPU
		{E745B783-ACE5-429F-A6BA-0FF711DDA1AF}.Debug|iPhone.Deploy.0 = Debug|Any CPU
		{E745B783-ACE5-429F-A6BA-0FF711DDA1AF}.Debug|iPhoneSimulator.ActiveCfg = Debug|Any CPU
		{E745B783-ACE5-429F-A6BA-0FF711DDA1AF}.Debug|iPhoneSimulator.Build.0 = Debug|Any CPU
		{E745B783-ACE5-429F-A6BA-0FF711DDA1AF}.Debug|iPhoneSimulator.Deploy.0 = Debug|Any CPU
		{E745B783-ACE5-429F-A6BA-0FF711DDA1AF}.Release|Any CPU.ActiveCfg = Release|Any CPU
		{E745B783-ACE5-429F-A6BA-0FF711DDA1AF}.Release|Any CPU.Build.0 = Release|Any CPU
		{E745B783-ACE5-429F-A6BA-0FF711DDA1AF}.Release|Any CPU.Deploy.0 = Release|Any CPU
		{E745B783-ACE5-429F-A6BA-0FF711DDA1AF}.Release|iPhone.ActiveCfg = Release|Any CPU
		{E745B783-ACE5-429F-A6BA-0FF711DDA1AF}.Release|iPhone.Build.0 = Release|Any CPU
		{E745B783-ACE5-429F-A6BA-0FF711DDA1AF}.Release|iPhone.Deploy.0 = Release|Any CPU
		{E745B783-ACE5-429F-A6BA-0FF711DDA1AF}.Release|iPhoneSimulator.ActiveCfg = Release|Any CPU
		{E745B783-ACE5-429F-A6BA-0FF711DDA1AF}.Release|iPhoneSimulator.Build.0 = Release|Any CPU
		{E745B783-ACE5-429F-A6BA-0FF711DDA1AF}.Release|iPhoneSimulator.Deploy.0 = Release|Any CPU
		{6CDB6090-7B2A-465D-96AB-127CE1D932E9}.Debug|Any CPU.ActiveCfg = Debug|iPhone
		{6CDB6090-7B2A-465D-96AB-127CE1D932E9}.Debug|Any CPU.Build.0 = Debug|iPhone
		{6CDB6090-7B2A-465D-96AB-127CE1D932E9}.Debug|Any CPU.Deploy.0 = Debug|iPhone
		{6CDB6090-7B2A-465D-96AB-127CE1D932E9}.Debug|iPhone.ActiveCfg = Debug|iPhone
		{6CDB6090-7B2A-465D-96AB-127CE1D932E9}.Debug|iPhone.Build.0 = Debug|iPhone
		{6CDB6090-7B2A-465D-96AB-127CE1D932E9}.Debug|iPhone.Deploy.0 = Debug|iPhone
		{6CDB6090-7B2A-465D-96AB-127CE1D932E9}.Debug|iPhoneSimulator.ActiveCfg = Debug|iPhoneSimulator
		{6CDB6090-7B2A-465D-96AB-127CE1D932E9}.Debug|iPhoneSimulator.Build.0 = Debug|iPhoneSimulator
		{6CDB6090-7B2A-465D-96AB-127CE1D932E9}.Debug|iPhoneSimulator.Deploy.0 = Debug|iPhoneSimulator
		{6CDB6090-7B2A-465D-96AB-127CE1D932E9}.Release|Any CPU.ActiveCfg = Release|iPhoneSimulator
		{6CDB6090-7B2A-465D-96AB-127CE1D932E9}.Release|Any CPU.Build.0 = Release|iPhoneSimulator
		{6CDB6090-7B2A-465D-96AB-127CE1D932E9}.Release|Any CPU.Deploy.0 = Release|iPhoneSimulator
		{6CDB6090-7B2A-465D-96AB-127CE1D932E9}.Release|iPhone.ActiveCfg = Release|iPhone
		{6CDB6090-7B2A-465D-96AB-127CE1D932E9}.Release|iPhone.Build.0 = Release|iPhone
		{6CDB6090-7B2A-465D-96AB-127CE1D932E9}.Release|iPhone.Deploy.0 = Release|iPhone
		{6CDB6090-7B2A-465D-96AB-127CE1D932E9}.Release|iPhoneSimulator.ActiveCfg = Release|iPhoneSimulator
		{6CDB6090-7B2A-465D-96AB-127CE1D932E9}.Release|iPhoneSimulator.Build.0 = Release|iPhoneSimulator
		{6CDB6090-7B2A-465D-96AB-127CE1D932E9}.Release|iPhoneSimulator.Deploy.0 = Release|iPhoneSimulator
		{3052B03E-37EE-488E-91F9-464F4AE9013E}.Debug|Any CPU.ActiveCfg = Debug|Any CPU
		{3052B03E-37EE-488E-91F9-464F4AE9013E}.Debug|Any CPU.Build.0 = Debug|Any CPU
		{3052B03E-37EE-488E-91F9-464F4AE9013E}.Debug|Any CPU.Deploy.0 = Debug|Any CPU
		{3052B03E-37EE-488E-91F9-464F4AE9013E}.Debug|iPhone.ActiveCfg = Debug|Any CPU
		{3052B03E-37EE-488E-91F9-464F4AE9013E}.Debug|iPhone.Build.0 = Debug|Any CPU
		{3052B03E-37EE-488E-91F9-464F4AE9013E}.Debug|iPhone.Deploy.0 = Debug|Any CPU
		{3052B03E-37EE-488E-91F9-464F4AE9013E}.Debug|iPhoneSimulator.ActiveCfg = Debug|Any CPU
		{3052B03E-37EE-488E-91F9-464F4AE9013E}.Debug|iPhoneSimulator.Build.0 = Debug|Any CPU
		{3052B03E-37EE-488E-91F9-464F4AE9013E}.Debug|iPhoneSimulator.Deploy.0 = Debug|Any CPU
		{3052B03E-37EE-488E-91F9-464F4AE9013E}.Release|Any CPU.ActiveCfg = Release|Any CPU
		{3052B03E-37EE-488E-91F9-464F4AE9013E}.Release|Any CPU.Build.0 = Release|Any CPU
		{3052B03E-37EE-488E-91F9-464F4AE9013E}.Release|Any CPU.Deploy.0 = Release|Any CPU
		{3052B03E-37EE-488E-91F9-464F4AE9013E}.Release|iPhone.ActiveCfg = Release|Any CPU
		{3052B03E-37EE-488E-91F9-464F4AE9013E}.Release|iPhone.Build.0 = Release|Any CPU
		{3052B03E-37EE-488E-91F9-464F4AE9013E}.Release|iPhone.Deploy.0 = Release|Any CPU
		{3052B03E-37EE-488E-91F9-464F4AE9013E}.Release|iPhoneSimulator.ActiveCfg = Release|Any CPU
		{3052B03E-37EE-488E-91F9-464F4AE9013E}.Release|iPhoneSimulator.Build.0 = Release|Any CPU
		{3052B03E-37EE-488E-91F9-464F4AE9013E}.Release|iPhoneSimulator.Deploy.0 = Release|Any CPU
	EndGlobalSection
	GlobalSection(SolutionProperties) = preSolution
		HideSolutionNode = FALSE
	EndGlobalSection
	GlobalSection(ExtensibilityGlobals) = postSolution
		SolutionGuid = {731B78A5-CBB6-4954-A28A-8FF4B2E1B21D}
	EndGlobalSection
EndGlobal
